
Microsoft Visual Studio Solution File, Format Version 12.00
# Visual Studio Version 16
VisualStudioVersion = 16.0.29201.188
MinimumVisualStudioVersion = 10.0.40219.1
Project("{FAE04EC0-301F-11D3-BF4B-00C04F79EFBC}") = "QuickSortDualPivot", "QuickSortDualPivot.csproj", "{00EA24B3-F716-4C6B-BDB4-2D90A89970EA}"
EndProject
Global
	GlobalSection(SolutionConfigurationPlatforms) = preSolution
		Debug|Any CPU = Debug|Any CPU
		Release|Any CPU = Release|Any CPU
	EndGlobalSection
	GlobalSection(ProjectConfigurationPlatforms) = postSolution
		{00EA24B3-F716-4C6B-BDB4-2D90A89970EA}.Debug|Any CPU.ActiveCfg = Debug|Any CPU
		{00EA24B3-F716-4C6B-BDB4-2D90A89970EA}.Debug|Any CPU.Build.0 = Debug|Any CPU
		{00EA24B3-F716-4C6B-BDB4-2D90A89970EA}.Release|Any CPU.ActiveCfg = Release|Any CPU
		{00EA24B3-F716-4C6B-BDB4-2D90A89970EA}.Release|Any CPU.Build.0 = Release|Any CPU
	EndGlobalSection
	GlobalSection(SolutionProperties) = preSolution
		HideSolutionNode = FALSE
	EndGlobalSection
	GlobalSection(ExtensibilityGlobals) = postSolution
		SolutionGuid = {1B1387F8-E102-4432-BAEF-956FD85CDC1F}
	EndGlobalSection
EndGlobal
